// !$*UTF8*$!
{
	archiveVersion = 1;
	classes = {
	};
	objectVersion = 52;
	objects = {

/* Begin PBXBuildFile section */
		2D04226525FFE75300D08798 /* AppDelegate.swift in Sources */ = {isa = PBXBuildFile; fileRef = 2D04226425FFE75300D08798 /* AppDelegate.swift */; };
		2D04226725FFE75300D08798 /* SceneDelegate.swift in Sources */ = {isa = PBXBuildFile; fileRef = 2D04226625FFE75300D08798 /* SceneDelegate.swift */; };
		2D04226925FFE75300D08798 /* AppView.swift in Sources */ = {isa = PBXBuildFile; fileRef = 2D04226825FFE75300D08798 /* AppView.swift */; };
		2D04226B25FFE75400D08798 /* Assets.xcassets in Resources */ = {isa = PBXBuildFile; fileRef = 2D04226A25FFE75400D08798 /* Assets.xcassets */; };
		2D04226E25FFE75400D08798 /* Preview Assets.xcassets in Resources */ = {isa = PBXBuildFile; fileRef = 2D04226D25FFE75400D08798 /* Preview Assets.xcassets */; };
		2D04227125FFE75400D08798 /* LaunchScreen.storyboard in Resources */ = {isa = PBXBuildFile; fileRef = 2D04226F25FFE75400D08798 /* LaunchScreen.storyboard */; };
		2D458FC825FFECBA00AEA191 /* FirebaseStorage in Frameworks */ = {isa = PBXBuildFile; productRef = 2D458FC725FFECBA00AEA191 /* FirebaseStorage */; };
		2D458FCA25FFECBA00AEA191 /* FirebaseAuth in Frameworks */ = {isa = PBXBuildFile; productRef = 2D458FC925FFECBA00AEA191 /* FirebaseAuth */; };
		2D458FCC25FFECBA00AEA191 /* FirebaseFirestore in Frameworks */ = {isa = PBXBuildFile; productRef = 2D458FCB25FFECBA00AEA191 /* FirebaseFirestore */; };
		2D458FCE25FFECBA00AEA191 /* FirebaseDatabase in Frameworks */ = {isa = PBXBuildFile; productRef = 2D458FCD25FFECBA00AEA191 /* FirebaseDatabase */; };
		2D458FD225FFED3400AEA191 /* ComposableArchitecture in Frameworks */ = {isa = PBXBuildFile; productRef = 2D458FD125FFED3400AEA191 /* ComposableArchitecture */; };
		2D458FD625FFF58500AEA191 /* GoogleService-Info.plist in Resources */ = {isa = PBXBuildFile; fileRef = 2D458FD525FFF58500AEA191 /* GoogleService-Info.plist */; };
		2D458FDF260000CB00AEA191 /* AppDomain.swift in Sources */ = {isa = PBXBuildFile; fileRef = 2D458FDE260000CB00AEA191 /* AppDomain.swift */; };
		2D83DC652600094B006501D6 /* FirebaseManager.swift in Sources */ = {isa = PBXBuildFile; fileRef = 2D83DC642600094B006501D6 /* FirebaseManager.swift */; };
		2D83DC7326000CEC006501D6 /* LoginView.swift in Sources */ = {isa = PBXBuildFile; fileRef = 2D83DC7226000CEC006501D6 /* LoginView.swift */; };
		2D83DC7626000D74006501D6 /* SliderView.swift in Sources */ = {isa = PBXBuildFile; fileRef = 2D83DC7526000D74006501D6 /* SliderView.swift */; };
		2DB26A4D2605213C005F55AC /* AuthenticationDomain.swift in Sources */ = {isa = PBXBuildFile; fileRef = 2DB26A4C2605213C005F55AC /* AuthenticationDomain.swift */; };
		2DB26A51260533B6005F55AC /* SignUpView.swift in Sources */ = {isa = PBXBuildFile; fileRef = 2DB26A50260533B6005F55AC /* SignUpView.swift */; };
		2DB26A56260646ED005F55AC /* Utilities.swift in Sources */ = {isa = PBXBuildFile; fileRef = 2DB26A55260646ED005F55AC /* Utilities.swift */; };
		2DB26A5926065939005F55AC /* Auth+ext.swift in Sources */ = {isa = PBXBuildFile; fileRef = 2DB26A5826065939005F55AC /* Auth+ext.swift */; };
		2DB26A5E26066822005F55AC /* SliderDomain.swift in Sources */ = {isa = PBXBuildFile; fileRef = 2DB26A5D26066822005F55AC /* SliderDomain.swift */; };
/* End PBXBuildFile section */

/* Begin PBXFileReference section */
		2D04226125FFE75300D08798 /* PhotoSlider.app */ = {isa = PBXFileReference; explicitFileType = wrapper.application; includeInIndex = 0; path = PhotoSlider.app; sourceTree = BUILT_PRODUCTS_DIR; };
		2D04226425FFE75300D08798 /* AppDelegate.swift */ = {isa = PBXFileReference; lastKnownFileType = sourcecode.swift; path = AppDelegate.swift; sourceTree = "<group>"; };
		2D04226625FFE75300D08798 /* SceneDelegate.swift */ = {isa = PBXFileReference; lastKnownFileType = sourcecode.swift; path = SceneDelegate.swift; sourceTree = "<group>"; };
		2D04226825FFE75300D08798 /* AppView.swift */ = {isa = PBXFileReference; lastKnownFileType = sourcecode.swift; path = AppView.swift; sourceTree = "<group>"; };
		2D04226A25FFE75400D08798 /* Assets.xcassets */ = {isa = PBXFileReference; lastKnownFileType = folder.assetcatalog; path = Assets.xcassets; sourceTree = "<group>"; };
		2D04226D25FFE75400D08798 /* Preview Assets.xcassets */ = {isa = PBXFileReference; lastKnownFileType = folder.assetcatalog; path = "Preview Assets.xcassets"; sourceTree = "<group>"; };
		2D04227025FFE75400D08798 /* Base */ = {isa = PBXFileReference; lastKnownFileType = file.storyboard; name = Base; path = Base.lproj/LaunchScreen.storyboard; sourceTree = "<group>"; };
		2D04227225FFE75400D08798 /* Info.plist */ = {isa = PBXFileReference; lastKnownFileType = text.plist.xml; path = Info.plist; sourceTree = "<group>"; };
		2D458FD525FFF58500AEA191 /* GoogleService-Info.plist */ = {isa = PBXFileReference; fileEncoding = 4; lastKnownFileType = text.plist.xml; path = "GoogleService-Info.plist"; sourceTree = "<group>"; };
		2D458FDE260000CB00AEA191 /* AppDomain.swift */ = {isa = PBXFileReference; lastKnownFileType = sourcecode.swift; path = AppDomain.swift; sourceTree = "<group>"; };
		2D83DC642600094B006501D6 /* FirebaseManager.swift */ = {isa = PBXFileReference; lastKnownFileType = sourcecode.swift; path = FirebaseManager.swift; sourceTree = "<group>"; };
		2D83DC7226000CEC006501D6 /* LoginView.swift */ = {isa = PBXFileReference; lastKnownFileType = sourcecode.swift; path = LoginView.swift; sourceTree = "<group>"; };
		2D83DC7526000D74006501D6 /* SliderView.swift */ = {isa = PBXFileReference; lastKnownFileType = sourcecode.swift; path = SliderView.swift; sourceTree = "<group>"; };
		2DB26A4C2605213C005F55AC /* AuthenticationDomain.swift */ = {isa = PBXFileReference; lastKnownFileType = sourcecode.swift; path = AuthenticationDomain.swift; sourceTree = "<group>"; };
		2DB26A50260533B6005F55AC /* SignUpView.swift */ = {isa = PBXFileReference; lastKnownFileType = sourcecode.swift; path = SignUpView.swift; sourceTree = "<group>"; };
		2DB26A55260646ED005F55AC /* Utilities.swift */ = {isa = PBXFileReference; lastKnownFileType = sourcecode.swift; path = Utilities.swift; sourceTree = "<group>"; };
		2DB26A5826065939005F55AC /* Auth+ext.swift */ = {isa = PBXFileReference; lastKnownFileType = sourcecode.swift; path = "Auth+ext.swift"; sourceTree = "<group>"; };
		2DB26A5D26066822005F55AC /* SliderDomain.swift */ = {isa = PBXFileReference; lastKnownFileType = sourcecode.swift; path = SliderDomain.swift; sourceTree = "<group>"; };
/* End PBXFileReference section */

/* Begin PBXFrameworksBuildPhase section */
		2D04225E25FFE75300D08798 /* Frameworks */ = {
			isa = PBXFrameworksBuildPhase;
			buildActionMask = 2147483647;
			files = (
				2D458FD225FFED3400AEA191 /* ComposableArchitecture in Frameworks */,
				2D458FC825FFECBA00AEA191 /* FirebaseStorage in Frameworks */,
				2D458FCA25FFECBA00AEA191 /* FirebaseAuth in Frameworks */,
				2D458FCE25FFECBA00AEA191 /* FirebaseDatabase in Frameworks */,
				2D458FCC25FFECBA00AEA191 /* FirebaseFirestore in Frameworks */,
			);
			runOnlyForDeploymentPostprocessing = 0;
		};
/* End PBXFrameworksBuildPhase section */

/* Begin PBXGroup section */
		2D04225825FFE75300D08798 = {
			isa = PBXGroup;
			children = (
				2D04226325FFE75300D08798 /* PhotoSlider */,
				2D04226225FFE75300D08798 /* Products */,
			);
			sourceTree = "<group>";
		};
		2D04226225FFE75300D08798 /* Products */ = {
			isa = PBXGroup;
			children = (
				2D04226125FFE75300D08798 /* PhotoSlider.app */,
			);
			name = Products;
			sourceTree = "<group>";
		};
		2D04226325FFE75300D08798 /* PhotoSlider */ = {
			isa = PBXGroup;
			children = (
				2DB26A54260646E3005F55AC /* Shared */,
				2D458FDB2600001300AEA191 /* Base */,
				2D458FDD2600009B00AEA191 /* FirebaseManager */,
				2D458FD825FFFFB700AEA191 /* App */,
				2D458FD925FFFFC400AEA191 /* Authentication */,
				2D458FDA25FFFFE000AEA191 /* Slider */,
				2D458FDC2600002B00AEA191 /* Assets */,
				2D04226C25FFE75400D08798 /* Preview Content */,
			);
			path = PhotoSlider;
			sourceTree = "<group>";
		};
		2D04226C25FFE75400D08798 /* Preview Content */ = {
			isa = PBXGroup;
			children = (
				2D04226D25FFE75400D08798 /* Preview Assets.xcassets */,
			);
			path = "Preview Content";
			sourceTree = "<group>";
		};
		2D458FD825FFFFB700AEA191 /* App */ = {
			isa = PBXGroup;
			children = (
				2D458FDE260000CB00AEA191 /* AppDomain.swift */,
				2D04226825FFE75300D08798 /* AppView.swift */,
			);
			path = App;
			sourceTree = "<group>";
		};
		2D458FD925FFFFC400AEA191 /* Authentication */ = {
			isa = PBXGroup;
			children = (
				2DB26A4C2605213C005F55AC /* AuthenticationDomain.swift */,
				2D83DC7226000CEC006501D6 /* LoginView.swift */,
				2DB26A50260533B6005F55AC /* SignUpView.swift */,
			);
			path = Authentication;
			sourceTree = "<group>";
		};
		2D458FDA25FFFFE000AEA191 /* Slider */ = {
			isa = PBXGroup;
			children = (
				2DB26A5D26066822005F55AC /* SliderDomain.swift */,
				2D83DC7526000D74006501D6 /* SliderView.swift */,
			);
			path = Slider;
			sourceTree = "<group>";
		};
		2D458FDB2600001300AEA191 /* Base */ = {
			isa = PBXGroup;
			children = (
				2D04226425FFE75300D08798 /* AppDelegate.swift */,
				2D04226F25FFE75400D08798 /* LaunchScreen.storyboard */,
				2D04226625FFE75300D08798 /* SceneDelegate.swift */,
				2D458FD525FFF58500AEA191 /* GoogleService-Info.plist */,
				2D04227225FFE75400D08798 /* Info.plist */,
			);
			path = Base;
			sourceTree = "<group>";
		};
		2D458FDC2600002B00AEA191 /* Assets */ = {
			isa = PBXGroup;
			children = (
				2D04226A25FFE75400D08798 /* Assets.xcassets */,
			);
			path = Assets;
			sourceTree = "<group>";
		};
		2D458FDD2600009B00AEA191 /* FirebaseManager */ = {
			isa = PBXGroup;
			children = (
				2DB26A5826065939005F55AC /* Auth+ext.swift */,
				2D83DC642600094B006501D6 /* FirebaseManager.swift */,
			);
			path = FirebaseManager;
			sourceTree = "<group>";
		};
		2DB26A54260646E3005F55AC /* Shared */ = {
			isa = PBXGroup;
			children = (
				2DB26A55260646ED005F55AC /* Utilities.swift */,
			);
			path = Shared;
			sourceTree = "<group>";
		};
/* End PBXGroup section */

/* Begin PBXNativeTarget section */
		2D04226025FFE75300D08798 /* PhotoSlider */ = {
			isa = PBXNativeTarget;
			buildConfigurationList = 2D04227525FFE75400D08798 /* Build configuration list for PBXNativeTarget "PhotoSlider" */;
			buildPhases = (
				2D04225D25FFE75300D08798 /* Sources */,
				2D04225E25FFE75300D08798 /* Frameworks */,
				2D04225F25FFE75300D08798 /* Resources */,
			);
			buildRules = (
			);
			dependencies = (
			);
			name = PhotoSlider;
			packageProductDependencies = (
				2D458FC725FFECBA00AEA191 /* FirebaseStorage */,
				2D458FC925FFECBA00AEA191 /* FirebaseAuth */,
				2D458FCB25FFECBA00AEA191 /* FirebaseFirestore */,
				2D458FCD25FFECBA00AEA191 /* FirebaseDatabase */,
				2D458FD125FFED3400AEA191 /* ComposableArchitecture */,
			);
			productName = PhotoSlider;
			productReference = 2D04226125FFE75300D08798 /* PhotoSlider.app */;
			productType = "com.apple.product-type.application";
		};
/* End PBXNativeTarget section */

/* Begin PBXProject section */
		2D04225925FFE75300D08798 /* Project object */ = {
			isa = PBXProject;
			attributes = {
				LastSwiftUpdateCheck = 1240;
				LastUpgradeCheck = 1240;
				TargetAttributes = {
					2D04226025FFE75300D08798 = {
						CreatedOnToolsVersion = 12.4;
					};
				};
			};
			buildConfigurationList = 2D04225C25FFE75300D08798 /* Build configuration list for PBXProject "PhotoSlider" */;
			compatibilityVersion = "Xcode 9.3";
			developmentRegion = en;
			hasScannedForEncodings = 0;
			knownRegions = (
				en,
				Base,
			);
			mainGroup = 2D04225825FFE75300D08798;
			packageReferences = (
				2D458FC625FFECBA00AEA191 /* XCRemoteSwiftPackageReference "firebase-ios-sdk" */,
				2D458FD025FFED3400AEA191 /* XCRemoteSwiftPackageReference "swift-composable-architecture" */,
			);
			productRefGroup = 2D04226225FFE75300D08798 /* Products */;
			projectDirPath = "";
			projectRoot = "";
			targets = (
				2D04226025FFE75300D08798 /* PhotoSlider */,
			);
		};
/* End PBXProject section */

/* Begin PBXResourcesBuildPhase section */
		2D04225F25FFE75300D08798 /* Resources */ = {
			isa = PBXResourcesBuildPhase;
			buildActionMask = 2147483647;
			files = (
				2D04227125FFE75400D08798 /* LaunchScreen.storyboard in Resources */,
				2D458FD625FFF58500AEA191 /* GoogleService-Info.plist in Resources */,
				2D04226E25FFE75400D08798 /* Preview Assets.xcassets in Resources */,
				2D04226B25FFE75400D08798 /* Assets.xcassets in Resources */,
			);
			runOnlyForDeploymentPostprocessing = 0;
		};
/* End PBXResourcesBuildPhase section */

/* Begin PBXSourcesBuildPhase section */
		2D04225D25FFE75300D08798 /* Sources */ = {
			isa = PBXSourcesBuildPhase;
			buildActionMask = 2147483647;
			files = (
				2D83DC7326000CEC006501D6 /* LoginView.swift in Sources */,
				2D04226525FFE75300D08798 /* AppDelegate.swift in Sources */,
				2DB26A5926065939005F55AC /* Auth+ext.swift in Sources */,
				2D04226725FFE75300D08798 /* SceneDelegate.swift in Sources */,
				2DB26A5E26066822005F55AC /* SliderDomain.swift in Sources */,
				2D83DC652600094B006501D6 /* FirebaseManager.swift in Sources */,
				2D04226925FFE75300D08798 /* AppView.swift in Sources */,
				2DB26A4D2605213C005F55AC /* AuthenticationDomain.swift in Sources */,
				2D458FDF260000CB00AEA191 /* AppDomain.swift in Sources */,
				2DB26A51260533B6005F55AC /* SignUpView.swift in Sources */,
				2DB26A56260646ED005F55AC /* Utilities.swift in Sources */,
				2D83DC7626000D74006501D6 /* SliderView.swift in Sources */,
			);
			runOnlyForDeploymentPostprocessing = 0;
		};
/* End PBXSourcesBuildPhase section */

/* Begin PBXVariantGroup section */
		2D04226F25FFE75400D08798 /* LaunchScreen.storyboard */ = {
			isa = PBXVariantGroup;
			children = (
				2D04227025FFE75400D08798 /* Base */,
			);
			name = LaunchScreen.storyboard;
			sourceTree = "<group>";
		};
/* End PBXVariantGroup section */

/* Begin XCBuildConfiguration section */
		2D04227325FFE75400D08798 /* Debug */ = {
			isa = XCBuildConfiguration;
			buildSettings = {
				ALWAYS_SEARCH_USER_PATHS = NO;
				CLANG_ANALYZER_NONNULL = YES;
				CLANG_ANALYZER_NUMBER_OBJECT_CONVERSION = YES_AGGRESSIVE;
				CLANG_CXX_LANGUAGE_STANDARD = "gnu++14";
				CLANG_CXX_LIBRARY = "libc++";
				CLANG_ENABLE_MODULES = YES;
				CLANG_ENABLE_OBJC_ARC = YES;
				CLANG_ENABLE_OBJC_WEAK = YES;
				CLANG_WARN_BLOCK_CAPTURE_AUTORELEASING = YES;
				CLANG_WARN_BOOL_CONVERSION = YES;
				CLANG_WARN_COMMA = YES;
				CLANG_WARN_CONSTANT_CONVERSION = YES;
				CLANG_WARN_DEPRECATED_OBJC_IMPLEMENTATIONS = YES;
				CLANG_WARN_DIRECT_OBJC_ISA_USAGE = YES_ERROR;
				CLANG_WARN_DOCUMENTATION_COMMENTS = YES;
				CLANG_WARN_EMPTY_BODY = YES;
				CLANG_WARN_ENUM_CONVERSION = YES;
				CLANG_WARN_INFINITE_RECURSION = YES;
				CLANG_WARN_INT_CONVERSION = YES;
				CLANG_WARN_NON_LITERAL_NULL_CONVERSION = YES;
				CLANG_WARN_OBJC_IMPLICIT_RETAIN_SELF = YES;
				CLANG_WARN_OBJC_LITERAL_CONVERSION = YES;
				CLANG_WARN_OBJC_ROOT_CLASS = YES_ERROR;
				CLANG_WARN_QUOTED_INCLUDE_IN_FRAMEWORK_HEADER = YES;
				CLANG_WARN_RANGE_LOOP_ANALYSIS = YES;
				CLANG_WARN_STRICT_PROTOTYPES = YES;
				CLANG_WARN_SUSPICIOUS_MOVE = YES;
				CLANG_WARN_UNGUARDED_AVAILABILITY = YES_AGGRESSIVE;
				CLANG_WARN_UNREACHABLE_CODE = YES;
				CLANG_WARN__DUPLICATE_METHOD_MATCH = YES;
				COPY_PHASE_STRIP = NO;
				DEBUG_INFORMATION_FORMAT = dwarf;
				ENABLE_STRICT_OBJC_MSGSEND = YES;
				ENABLE_TESTABILITY = YES;
				GCC_C_LANGUAGE_STANDARD = gnu11;
				GCC_DYNAMIC_NO_PIC = NO;
				GCC_NO_COMMON_BLOCKS = YES;
				GCC_OPTIMIZATION_LEVEL = 0;
				GCC_PREPROCESSOR_DEFINITIONS = (
					"DEBUG=1",
					"$(inherited)",
				);
				GCC_WARN_64_TO_32_BIT_CONVERSION = YES;
				GCC_WARN_ABOUT_RETURN_TYPE = YES_ERROR;
				GCC_WARN_UNDECLARED_SELECTOR = YES;
				GCC_WARN_UNINITIALIZED_AUTOS = YES_AGGRESSIVE;
				GCC_WARN_UNUSED_FUNCTION = YES;
				GCC_WARN_UNUSED_VARIABLE = YES;
				IPHONEOS_DEPLOYMENT_TARGET = 14.4;
				MTL_ENABLE_DEBUG_INFO = INCLUDE_SOURCE;
				MTL_FAST_MATH = YES;
				ONLY_ACTIVE_ARCH = YES;
				SDKROOT = iphoneos;
				SWIFT_ACTIVE_COMPILATION_CONDITIONS = DEBUG;
				SWIFT_OPTIMIZATION_LEVEL = "-Onone";
			};
			name = Debug;
		};
		2D04227425FFE75400D08798 /* Release */ = {
			isa = XCBuildConfiguration;
			buildSettings = {
				ALWAYS_SEARCH_USER_PATHS = NO;
				CLANG_ANALYZER_NONNULL = YES;
				CLANG_ANALYZER_NUMBER_OBJECT_CONVERSION = YES_AGGRESSIVE;
				CLANG_CXX_LANGUAGE_STANDARD = "gnu++14";
				CLANG_CXX_LIBRARY = "libc++";
				CLANG_ENABLE_MODULES = YES;
				CLANG_ENABLE_OBJC_ARC = YES;
				CLANG_ENABLE_OBJC_WEAK = YES;
				CLANG_WARN_BLOCK_CAPTURE_AUTORELEASING = YES;
				CLANG_WARN_BOOL_CONVERSION = YES;
				CLANG_WARN_COMMA = YES;
				CLANG_WARN_CONSTANT_CONVERSION = YES;
				CLANG_WARN_DEPRECATED_OBJC_IMPLEMENTATIONS = YES;
				CLANG_WARN_DIRECT_OBJC_ISA_USAGE = YES_ERROR;
				CLANG_WARN_DOCUMENTATION_COMMENTS = YES;
				CLANG_WARN_EMPTY_BODY = YES;
				CLANG_WARN_ENUM_CONVERSION = YES;
				CLANG_WARN_INFINITE_RECURSION = YES;
				CLANG_WARN_INT_CONVERSION = YES;
				CLANG_WARN_NON_LITERAL_NULL_CONVERSION = YES;
				CLANG_WARN_OBJC_IMPLICIT_RETAIN_SELF = YES;
				CLANG_WARN_OBJC_LITERAL_CONVERSION = YES;
				CLANG_WARN_OBJC_ROOT_CLASS = YES_ERROR;
				CLANG_WARN_QUOTED_INCLUDE_IN_FRAMEWORK_HEADER = YES;
				CLANG_WARN_RANGE_LOOP_ANALYSIS = YES;
				CLANG_WARN_STRICT_PROTOTYPES = YES;
				CLANG_WARN_SUSPICIOUS_MOVE = YES;
				CLANG_WARN_UNGUARDED_AVAILABILITY = YES_AGGRESSIVE;
				CLANG_WARN_UNREACHABLE_CODE = YES;
				CLANG_WARN__DUPLICATE_METHOD_MATCH = YES;
				COPY_PHASE_STRIP = NO;
				DEBUG_INFORMATION_FORMAT = "dwarf-with-dsym";
				ENABLE_NS_ASSERTIONS = NO;
				ENABLE_STRICT_OBJC_MSGSEND = YES;
				GCC_C_LANGUAGE_STANDARD = gnu11;
				GCC_NO_COMMON_BLOCKS = YES;
				GCC_WARN_64_TO_32_BIT_CONVERSION = YES;
				GCC_WARN_ABOUT_RETURN_TYPE = YES_ERROR;
				GCC_WARN_UNDECLARED_SELECTOR = YES;
				GCC_WARN_UNINITIALIZED_AUTOS = YES_AGGRESSIVE;
				GCC_WARN_UNUSED_FUNCTION = YES;
				GCC_WARN_UNUSED_VARIABLE = YES;
				IPHONEOS_DEPLOYMENT_TARGET = 14.4;
				MTL_ENABLE_DEBUG_INFO = NO;
				MTL_FAST_MATH = YES;
				SDKROOT = iphoneos;
				SWIFT_COMPILATION_MODE = wholemodule;
				SWIFT_OPTIMIZATION_LEVEL = "-O";
				VALIDATE_PRODUCT = YES;
			};
			name = Release;
		};
		2D04227625FFE75400D08798 /* Debug */ = {
			isa = XCBuildConfiguration;
			buildSettings = {
				ASSETCATALOG_COMPILER_APPICON_NAME = AppIcon;
				ASSETCATALOG_COMPILER_GLOBAL_ACCENT_COLOR_NAME = AccentColor;
				CODE_SIGN_STYLE = Automatic;
				DEVELOPMENT_ASSET_PATHS = "\"PhotoSlider/Preview Content\"";
				DEVELOPMENT_TEAM = 737N65LX4C;
				ENABLE_PREVIEWS = YES;
				INFOPLIST_FILE = "$(SRCROOT)/PhotoSlider/Base/Info.plist";
				IPHONEOS_DEPLOYMENT_TARGET = 14.1;
				LD_RUNPATH_SEARCH_PATHS = (
					"$(inherited)",
					"@executable_path/Frameworks",
				);
				PRODUCT_BUNDLE_IDENTIFIER = com.ivanquisco.PhotoSlider;
				PRODUCT_NAME = "$(TARGET_NAME)";
				SWIFT_VERSION = 5.0;
				TARGETED_DEVICE_FAMILY = 1;
			};
			name = Debug;
		};
		2D04227725FFE75400D08798 /* Release */ = {
			isa = XCBuildConfiguration;
			buildSettings = {
				ASSETCATALOG_COMPILER_APPICON_NAME = AppIcon;
				ASSETCATALOG_COMPILER_GLOBAL_ACCENT_COLOR_NAME = AccentColor;
				CODE_SIGN_STYLE = Automatic;
				DEVELOPMENT_ASSET_PATHS = "\"PhotoSlider/Preview Content\"";
				DEVELOPMENT_TEAM = 737N65LX4C;
				ENABLE_PREVIEWS = YES;
				INFOPLIST_FILE = "$(SRCROOT)/PhotoSlider/Base/Info.plist";
				IPHONEOS_DEPLOYMENT_TARGET = 14.1;
				LD_RUNPATH_SEARCH_PATHS = (
					"$(inherited)",
					"@executable_path/Frameworks",
				);
				PRODUCT_BUNDLE_IDENTIFIER = com.ivanquisco.PhotoSlider;
				PRODUCT_NAME = "$(TARGET_NAME)";
				SWIFT_VERSION = 5.0;
				TARGETED_DEVICE_FAMILY = 1;
			};
			name = Release;
		};
/* End XCBuildConfiguration section */

/* Begin XCConfigurationList section */
		2D04225C25FFE75300D08798 /* Build configuration list for PBXProject "PhotoSlider" */ = {
			isa = XCConfigurationList;
			buildConfigurations = (
				2D04227325FFE75400D08798 /* Debug */,
				2D04227425FFE75400D08798 /* Release */,
			);
			defaultConfigurationIsVisible = 0;
			defaultConfigurationName = Release;
		};
		2D04227525FFE75400D08798 /* Build configuration list for PBXNativeTarget "PhotoSlider" */ = {
			isa = XCConfigurationList;
			buildConfigurations = (
				2D04227625FFE75400D08798 /* Debug */,
				2D04227725FFE75400D08798 /* Release */,
			);
			defaultConfigurationIsVisible = 0;
			defaultConfigurationName = Release;
		};
/* End XCConfigurationList section */

/* Begin XCRemoteSwiftPackageReference section */
		2D458FC625FFECBA00AEA191 /* XCRemoteSwiftPackageReference "firebase-ios-sdk" */ = {
			isa = XCRemoteSwiftPackageReference;
			repositoryURL = "https://github.com/firebase/firebase-ios-sdk.git";
			requirement = {
				kind = upToNextMajorVersion;
				minimumVersion = 7.8.1;
			};
		};
		2D458FD025FFED3400AEA191 /* XCRemoteSwiftPackageReference "swift-composable-architecture" */ = {
			isa = XCRemoteSwiftPackageReference;
			repositoryURL = "https://github.com/pointfreeco/swift-composable-architecture";
			requirement = {
				kind = upToNextMajorVersion;
				minimumVersion = 0.16.0;
			};
		};
/* End XCRemoteSwiftPackageReference section */

/* Begin XCSwiftPackageProductDependency section */
		2D458FC725FFECBA00AEA191 /* FirebaseStorage */ = {
			isa = XCSwiftPackageProductDependency;
			package = 2D458FC625FFECBA00AEA191 /* XCRemoteSwiftPackageReference "firebase-ios-sdk" */;
			productName = FirebaseStorage;
		};
		2D458FC925FFECBA00AEA191 /* FirebaseAuth */ = {
			isa = XCSwiftPackageProductDependency;
			package = 2D458FC625FFECBA00AEA191 /* XCRemoteSwiftPackageReference "firebase-ios-sdk" */;
			productName = FirebaseAuth;
		};
		2D458FCB25FFECBA00AEA191 /* FirebaseFirestore */ = {
			isa = XCSwiftPackageProductDependency;
			package = 2D458FC625FFECBA00AEA191 /* XCRemoteSwiftPackageReference "firebase-ios-sdk" */;
			productName = FirebaseFirestore;
		};
		2D458FCD25FFECBA00AEA191 /* FirebaseDatabase */ = {
			isa = XCSwiftPackageProductDependency;
			package = 2D458FC625FFECBA00AEA191 /* XCRemoteSwiftPackageReference "firebase-ios-sdk" */;
			productName = FirebaseDatabase;
		};
		2D458FD125FFED3400AEA191 /* ComposableArchitecture */ = {
			isa = XCSwiftPackageProductDependency;
			package = 2D458FD025FFED3400AEA191 /* XCRemoteSwiftPackageReference "swift-composable-architecture" */;
			productName = ComposableArchitecture;
		};
/* End XCSwiftPackageProductDependency section */
	};
	rootObject = 2D04225925FFE75300D08798 /* Project object */;
}
